[{<<"clj">>,
  {git,"git://github.com/lfex/clj.git",
       {ref,"b935818364ff9b2715345a050c97db81289ae628"}},
  2},
 {<<"exemplar">>,
  {git,"git://github.com/lfex/exemplar.git",
       {ref,"5692e9ce9814617042882036c118ab3387bcf8d6"}},
  0},
 {<<"kla">>,
  {git,"git://github.com/lfex/kla.git",
       {ref,"a8afc4f673809d89b6c4a374b972f54ef6b39bde"}},
  3},
 {<<"lfe">>,
  {git,"git://github.com/rvirding/lfe.git",
       {ref,"fab8b369444619d6eca802b1de387153420bef28"}},
  0},
 {<<"lfest">>,
  {git,"git://github.com/lfex/lfest.git",
       {ref,"3901b7fcafed27cdc5e2c3cea4d5db4710d3fe9a"}},
  0},
 {<<"lutil">>,
  {git,"git://github.com/lfex/lutil.git",
       {ref,"ebc8523047c53764c7daca6be187600fd381cbf9"}},
  1},
 {<<"yaws">>,
  {git,"git://github.com/oubiwann/yaws.git",
       {ref,"7f98c0510eb24fbf1e3e3859c01695dd71caad32"}},
  0}].
